// !$*UTF8*$!
{
	archiveVersion = 1;
	classes = {
	};
	objectVersion = 48;
	objects = {

/* Begin PBXBuildFile section */
		18247748204DB69A0012FE4B /* AppDelegate.swift in Sources */ = {isa = PBXBuildFile; fileRef = 18247747204DB69A0012FE4B /* AppDelegate.swift */; };
		1824774D204DB69A0012FE4B /* Main.storyboard in Resources */ = {isa = PBXBuildFile; fileRef = 1824774B204DB69A0012FE4B /* Main.storyboard */; };
		1824774F204DB69A0012FE4B /* Assets.xcassets in Resources */ = {isa = PBXBuildFile; fileRef = 1824774E204DB69A0012FE4B /* Assets.xcassets */; };
		18247752204DB69A0012FE4B /* LaunchScreen.storyboard in Resources */ = {isa = PBXBuildFile; fileRef = 18247750204DB69A0012FE4B /* LaunchScreen.storyboard */; };
		1824775A204DBB260012FE4B /* RepairShopListTableViewController.swift in Sources */ = {isa = PBXBuildFile; fileRef = 18247759204DBB260012FE4B /* RepairShopListTableViewController.swift */; };
		1824775D204DBB650012FE4B /* RepairShopTableViewCell.swift in Sources */ = {isa = PBXBuildFile; fileRef = 1824775B204DBB650012FE4B /* RepairShopTableViewCell.swift */; };
		1824775E204DBB650012FE4B /* RepairShopTableViewCell.xib in Resources */ = {isa = PBXBuildFile; fileRef = 1824775C204DBB650012FE4B /* RepairShopTableViewCell.xib */; };
		18247766204DCA8A0012FE4B /* shops.json in Resources */ = {isa = PBXBuildFile; fileRef = 18247765204DCA8A0012FE4B /* shops.json */; };
		18247768204DCF1F0012FE4B /* GetAPIData.swift in Sources */ = {isa = PBXBuildFile; fileRef = 18247767204DCF1F0012FE4B /* GetAPIData.swift */; };
		1824776A204DD09D0012FE4B /* ShopsModel.swift in Sources */ = {isa = PBXBuildFile; fileRef = 18247769204DD09D0012FE4B /* ShopsModel.swift */; };
		1824776E204DF6790012FE4B /* ShopDetailViewController.swift in Sources */ = {isa = PBXBuildFile; fileRef = 1824776D204DF6790012FE4B /* ShopDetailViewController.swift */; };
		182477B0204F0A590012FE4B /* CarRepairFinderSlowTests.swift in Sources */ = {isa = PBXBuildFile; fileRef = 182477AF204F0A590012FE4B /* CarRepairFinderSlowTests.swift */; };
		692F4259C0B9850A23BF258B /* Pods_CarRepairFinder.framework in Frameworks */ = {isa = PBXBuildFile; fileRef = 2C72D1590CDDA9AB7275188F /* Pods_CarRepairFinder.framework */; };
/* End PBXBuildFile section */

/* Begin PBXContainerItemProxy section */
		182477B2204F0A590012FE4B /* PBXContainerItemProxy */ = {
			isa = PBXContainerItemProxy;
			containerPortal = 1824773C204DB69A0012FE4B /* Project object */;
			proxyType = 1;
			remoteGlobalIDString = 18247743204DB69A0012FE4B;
			remoteInfo = CarRepairFinder;
		};
/* End PBXContainerItemProxy section */

/* Begin PBXFileReference section */
		063128DA065520257E763FF1 /* Pods-CarRepairFinder.release.xcconfig */ = {isa = PBXFileReference; includeInIndex = 1; lastKnownFileType = text.xcconfig; name = "Pods-CarRepairFinder.release.xcconfig"; path = "Pods/Target Support Files/Pods-CarRepairFinder/Pods-CarRepairFinder.release.xcconfig"; sourceTree = "<group>"; };
		18247744204DB69A0012FE4B /* CarRepairFinder.app */ = {isa = PBXFileReference; explicitFileType = wrapper.application; includeInIndex = 0; path = CarRepairFinder.app; sourceTree = BUILT_PRODUCTS_DIR; };
		18247747204DB69A0012FE4B /* AppDelegate.swift */ = {isa = PBXFileReference; lastKnownFileType = sourcecode.swift; path = AppDelegate.swift; sourceTree = "<group>"; };
		1824774C204DB69A0012FE4B /* Base */ = {isa = PBXFileReference; lastKnownFileType = file.storyboard; name = Base; path = Base.lproj/Main.storyboard; sourceTree = "<group>"; };
		1824774E204DB69A0012FE4B /* Assets.xcassets */ = {isa = PBXFileReference; lastKnownFileType = folder.assetcatalog; path = Assets.xcassets; sourceTree = "<group>"; };
		18247751204DB69A0012FE4B /* Base */ = {isa = PBXFileReference; lastKnownFileType = file.storyboard; name = Base; path = Base.lproj/LaunchScreen.storyboard; sourceTree = "<group>"; };
		18247753204DB69A0012FE4B /* Info.plist */ = {isa = PBXFileReference; lastKnownFileType = text.plist.xml; path = Info.plist; sourceTree = "<group>"; };
		18247759204DBB260012FE4B /* RepairShopListTableViewController.swift */ = {isa = PBXFileReference; lastKnownFileType = sourcecode.swift; path = RepairShopListTableViewController.swift; sourceTree = "<group>"; };
		1824775B204DBB650012FE4B /* RepairShopTableViewCell.swift */ = {isa = PBXFileReference; lastKnownFileType = sourcecode.swift; path = RepairShopTableViewCell.swift; sourceTree = "<group>"; };
		1824775C204DBB650012FE4B /* RepairShopTableViewCell.xib */ = {isa = PBXFileReference; lastKnownFileType = file.xib; path = RepairShopTableViewCell.xib; sourceTree = "<group>"; };
		18247765204DCA8A0012FE4B /* shops.json */ = {isa = PBXFileReference; lastKnownFileType = text.json; path = shops.json; sourceTree = "<group>"; };
		18247767204DCF1F0012FE4B /* GetAPIData.swift */ = {isa = PBXFileReference; lastKnownFileType = sourcecode.swift; path = GetAPIData.swift; sourceTree = "<group>"; };
		18247769204DD09D0012FE4B /* ShopsModel.swift */ = {isa = PBXFileReference; lastKnownFileType = sourcecode.swift; path = ShopsModel.swift; sourceTree = "<group>"; };
		1824776D204DF6790012FE4B /* ShopDetailViewController.swift */ = {isa = PBXFileReference; lastKnownFileType = sourcecode.swift; path = ShopDetailViewController.swift; sourceTree = "<group>"; };
		182477AD204F0A590012FE4B /* CarRepairFinderSlowTests.xctest */ = {isa = PBXFileReference; explicitFileType = wrapper.cfbundle; includeInIndex = 0; path = CarRepairFinderSlowTests.xctest; sourceTree = BUILT_PRODUCTS_DIR; };
		182477AF204F0A590012FE4B /* CarRepairFinderSlowTests.swift */ = {isa = PBXFileReference; lastKnownFileType = sourcecode.swift; path = CarRepairFinderSlowTests.swift; sourceTree = "<group>"; };
		182477B1204F0A590012FE4B /* Info.plist */ = {isa = PBXFileReference; lastKnownFileType = text.plist.xml; path = Info.plist; sourceTree = "<group>"; };
		2C72D1590CDDA9AB7275188F /* Pods_CarRepairFinder.framework */ = {isa = PBXFileReference; explicitFileType = wrapper.framework; includeInIndex = 0; path = Pods_CarRepairFinder.framework; sourceTree = BUILT_PRODUCTS_DIR; };
		A970B43FAE89ED0B23E5F709 /* Pods-CarRepairFinder.debug.xcconfig */ = {isa = PBXFileReference; includeInIndex = 1; lastKnownFileType = text.xcconfig; name = "Pods-CarRepairFinder.debug.xcconfig"; path = "Pods/Target Support Files/Pods-CarRepairFinder/Pods-CarRepairFinder.debug.xcconfig"; sourceTree = "<group>"; };
/* End PBXFileReference section */

/* Begin PBXFrameworksBuildPhase section */
		18247741204DB69A0012FE4B /* Frameworks */ = {
			isa = PBXFrameworksBuildPhase;
			buildActionMask = 2147483647;
			files = (
				692F4259C0B9850A23BF258B /* Pods_CarRepairFinder.framework in Frameworks */,
			);
			runOnlyForDeploymentPostprocessing = 0;
		};
		182477AA204F0A590012FE4B /* Frameworks */ = {
			isa = PBXFrameworksBuildPhase;
			buildActionMask = 2147483647;
			files = (
			);
			runOnlyForDeploymentPostprocessing = 0;
		};
/* End PBXFrameworksBuildPhase section */

/* Begin PBXGroup section */
		14945276C20047E73A0A03C9 /* Pods */ = {
			isa = PBXGroup;
			children = (
				A970B43FAE89ED0B23E5F709 /* Pods-CarRepairFinder.debug.xcconfig */,
				063128DA065520257E763FF1 /* Pods-CarRepairFinder.release.xcconfig */,
			);
			name = Pods;
			sourceTree = "<group>";
		};
		1824773B204DB69A0012FE4B = {
			isa = PBXGroup;
			children = (
				18247746204DB69A0012FE4B /* CarRepairFinder */,
				182477AE204F0A590012FE4B /* CarRepairFinderSlowTests */,
				18247745204DB69A0012FE4B /* Products */,
				14945276C20047E73A0A03C9 /* Pods */,
				185B06A8A99485C48F36491D /* Frameworks */,
			);
			sourceTree = "<group>";
		};
		18247745204DB69A0012FE4B /* Products */ = {
			isa = PBXGroup;
			children = (
				18247744204DB69A0012FE4B /* CarRepairFinder.app */,
				182477AD204F0A590012FE4B /* CarRepairFinderSlowTests.xctest */,
			);
			name = Products;
			sourceTree = "<group>";
		};
		18247746204DB69A0012FE4B /* CarRepairFinder */ = {
			isa = PBXGroup;
			children = (
				1824776B204DD1B20012FE4B /* Model */,
				1824776C204DD1D00012FE4B /* Gateway */,
				18247761204DBFE00012FE4B /* View Controller */,
				18247760204DBB830012FE4B /* View */,
				18247764204DC7470012FE4B /* Supporting files */,
			);
			path = CarRepairFinder;
			sourceTree = "<group>";
		};
		1824775F204DBB740012FE4B /* Custom cell */ = {
			isa = PBXGroup;
			children = (
				1824775B204DBB650012FE4B /* RepairShopTableViewCell.swift */,
				1824775C204DBB650012FE4B /* RepairShopTableViewCell.xib */,
			);
			path = "Custom cell";
			sourceTree = "<group>";
		};
		18247760204DBB830012FE4B /* View */ = {
			isa = PBXGroup;
			children = (
				1824774B204DB69A0012FE4B /* Main.storyboard */,
				1824775F204DBB740012FE4B /* Custom cell */,
			);
			path = View;
			sourceTree = "<group>";
		};
		18247761204DBFE00012FE4B /* View Controller */ = {
			isa = PBXGroup;
			children = (
				18247747204DB69A0012FE4B /* AppDelegate.swift */,
				18247759204DBB260012FE4B /* RepairShopListTableViewController.swift */,
				1824776D204DF6790012FE4B /* ShopDetailViewController.swift */,
			);
			path = "View Controller";
			sourceTree = "<group>";
		};
		18247764204DC7470012FE4B /* Supporting files */ = {
			isa = PBXGroup;
			children = (
				1824774E204DB69A0012FE4B /* Assets.xcassets */,
				18247750204DB69A0012FE4B /* LaunchScreen.storyboard */,
				18247753204DB69A0012FE4B /* Info.plist */,
				18247765204DCA8A0012FE4B /* shops.json */,
			);
			path = "Supporting files";
			sourceTree = "<group>";
		};
		1824776B204DD1B20012FE4B /* Model */ = {
			isa = PBXGroup;
			children = (
				18247769204DD09D0012FE4B /* ShopsModel.swift */,
			);
			path = Model;
			sourceTree = "<group>";
		};
		1824776C204DD1D00012FE4B /* Gateway */ = {
			isa = PBXGroup;
			children = (
				18247767204DCF1F0012FE4B /* GetAPIData.swift */,
			);
			name = Gateway;
			sourceTree = "<group>";
		};
		182477AE204F0A590012FE4B /* CarRepairFinderSlowTests */ = {
			isa = PBXGroup;
			children = (
				182477AF204F0A590012FE4B /* CarRepairFinderSlowTests.swift */,
				182477B1204F0A590012FE4B /* Info.plist */,
			);
			path = CarRepairFinderSlowTests;
			sourceTree = "<group>";
		};
		185B06A8A99485C48F36491D /* Frameworks */ = {
			isa = PBXGroup;
			children = (
				2C72D1590CDDA9AB7275188F /* Pods_CarRepairFinder.framework */,
			);
			name = Frameworks;
			sourceTree = "<group>";
		};
/* End PBXGroup section */

/* Begin PBXNativeTarget section */
		18247743204DB69A0012FE4B /* CarRepairFinder */ = {
			isa = PBXNativeTarget;
			buildConfigurationList = 18247756204DB69A0012FE4B /* Build configuration list for PBXNativeTarget "CarRepairFinder" */;
			buildPhases = (
				DE6D24F571C18EAB245EBE58 /* [CP] Check Pods Manifest.lock */,
				18247740204DB69A0012FE4B /* Sources */,
				18247741204DB69A0012FE4B /* Frameworks */,
				18247742204DB69A0012FE4B /* Resources */,
				DD67A4A2D9C2C116320E82C2 /* [CP] Embed Pods Frameworks */,
				EB389FA5024AD569C2A3D8C3 /* [CP] Copy Pods Resources */,
			);
			buildRules = (
			);
			dependencies = (
			);
			name = CarRepairFinder;
			productName = CarRepairFinder;
			productReference = 18247744204DB69A0012FE4B /* CarRepairFinder.app */;
			productType = "com.apple.product-type.application";
		};
		182477AC204F0A590012FE4B /* CarRepairFinderSlowTests */ = {
			isa = PBXNativeTarget;
			buildConfigurationList = 182477B6204F0A590012FE4B /* Build configuration list for PBXNativeTarget "CarRepairFinderSlowTests" */;
			buildPhases = (
				182477A9204F0A590012FE4B /* Sources */,
				182477AA204F0A590012FE4B /* Frameworks */,
				182477AB204F0A590012FE4B /* Resources */,
			);
			buildRules = (
			);
			dependencies = (
				182477B3204F0A590012FE4B /* PBXTargetDependency */,
			);
			name = CarRepairFinderSlowTests;
			productName = CarRepairFinderSlowTests;
			productReference = 182477AD204F0A590012FE4B /* CarRepairFinderSlowTests.xctest */;
			productType = "com.apple.product-type.bundle.unit-test";
		};
/* End PBXNativeTarget section */

/* Begin PBXProject section */
		1824773C204DB69A0012FE4B /* Project object */ = {
			isa = PBXProject;
			attributes = {
				LastSwiftUpdateCheck = 0920;
				LastUpgradeCheck = 0920;
				ORGANIZATIONNAME = lccj;
				TargetAttributes = {
					18247743204DB69A0012FE4B = {
						CreatedOnToolsVersion = 9.2;
						ProvisioningStyle = Automatic;
					};
					182477AC204F0A590012FE4B = {
						CreatedOnToolsVersion = 9.2;
						ProvisioningStyle = Automatic;
						TestTargetID = 18247743204DB69A0012FE4B;
					};
				};
			};
			buildConfigurationList = 1824773F204DB69A0012FE4B /* Build configuration list for PBXProject "CarRepairFinder" */;
			compatibilityVersion = "Xcode 8.0";
			developmentRegion = en;
			hasScannedForEncodings = 0;
			knownRegions = (
				en,
				Base,
			);
			mainGroup = 1824773B204DB69A0012FE4B;
			productRefGroup = 18247745204DB69A0012FE4B /* Products */;
			projectDirPath = "";
			projectRoot = "";
			targets = (
				18247743204DB69A0012FE4B /* CarRepairFinder */,
				182477AC204F0A590012FE4B /* CarRepairFinderSlowTests */,
			);
		};
/* End PBXProject section */

/* Begin PBXResourcesBuildPhase section */
		18247742204DB69A0012FE4B /* Resources */ = {
			isa = PBXResourcesBuildPhase;
			buildActionMask = 2147483647;
			files = (
				18247766204DCA8A0012FE4B /* shops.json in Resources */,
				1824775E204DBB650012FE4B /* RepairShopTableViewCell.xib in Resources */,
				18247752204DB69A0012FE4B /* LaunchScreen.storyboard in Resources */,
				1824774F204DB69A0012FE4B /* Assets.xcassets in Resources */,
				1824774D204DB69A0012FE4B /* Main.storyboard in Resources */,
			);
			runOnlyForDeploymentPostprocessing = 0;
		};
		182477AB204F0A590012FE4B /* Resources */ = {
			isa = PBXResourcesBuildPhase;
			buildActionMask = 2147483647;
			files = (
			);
			runOnlyForDeploymentPostprocessing = 0;
		};
/* End PBXResourcesBuildPhase section */

/* Begin PBXShellScriptBuildPhase section */
		DD67A4A2D9C2C116320E82C2 /* [CP] Embed Pods Frameworks */ = {
			isa = PBXShellScriptBuildPhase;
			buildActionMask = 2147483647;
			files = (
			);
			inputPaths = (
				"${SRCROOT}/Pods/Target Support Files/Pods-CarRepairFinder/Pods-CarRepairFinder-frameworks.sh",
				"${BUILT_PRODUCTS_DIR}/Alamofire/Alamofire.framework",
				"${BUILT_PRODUCTS_DIR}/Kingfisher/Kingfisher.framework",
				"${BUILT_PRODUCTS_DIR}/SVProgressHUD/SVProgressHUD.framework",
			);
			name = "[CP] Embed Pods Frameworks";
			outputPaths = (
				"${TARGET_BUILD_DIR}/${FRAMEWORKS_FOLDER_PATH}/Alamofire.framework",
				"${TARGET_BUILD_DIR}/${FRAMEWORKS_FOLDER_PATH}/Kingfisher.framework",
				"${TARGET_BUILD_DIR}/${FRAMEWORKS_FOLDER_PATH}/SVProgressHUD.framework",
			);
			runOnlyForDeploymentPostprocessing = 0;
			shellPath = /bin/sh;
			shellScript = "\"${SRCROOT}/Pods/Target Support Files/Pods-CarRepairFinder/Pods-CarRepairFinder-frameworks.sh\"\n";
			showEnvVarsInLog = 0;
		};
		DE6D24F571C18EAB245EBE58 /* [CP] Check Pods Manifest.lock */ = {
			isa = PBXShellScriptBuildPhase;
			buildActionMask = 2147483647;
			files = (
			);
			inputPaths = (
				"${PODS_PODFILE_DIR_PATH}/Podfile.lock",
				"${PODS_ROOT}/Manifest.lock",
			);
			name = "[CP] Check Pods Manifest.lock";
			outputPaths = (
				"$(DERIVED_FILE_DIR)/Pods-CarRepairFinder-checkManifestLockResult.txt",
			);
			runOnlyForDeploymentPostprocessing = 0;
			shellPath = /bin/sh;
			shellScript = "diff \"${PODS_PODFILE_DIR_PATH}/Podfile.lock\" \"${PODS_ROOT}/Manifest.lock\" > /dev/null\nif [ $? != 0 ] ; then\n    # print error to STDERR\n    echo \"error: The sandbox is not in sync with the Podfile.lock. Run 'pod install' or update your CocoaPods installation.\" >&2\n    exit 1\nfi\n# This output is used by Xcode 'outputs' to avoid re-running this script phase.\necho \"SUCCESS\" > \"${SCRIPT_OUTPUT_FILE_0}\"\n";
			showEnvVarsInLog = 0;
		};
		EB389FA5024AD569C2A3D8C3 /* [CP] Copy Pods Resources */ = {
			isa = PBXShellScriptBuildPhase;
			buildActionMask = 2147483647;
			files = (
			);
			inputPaths = (
				"${SRCROOT}/Pods/Target Support Files/Pods-CarRepairFinder/Pods-CarRepairFinder-resources.sh",
				"${PODS_ROOT}/GooglePlaces/Frameworks/GooglePlaces.framework/Resources/GooglePlaces.bundle",
			);
			name = "[CP] Copy Pods Resources";
			outputPaths = (
				"${TARGET_BUILD_DIR}/${UNLOCALIZED_RESOURCES_FOLDER_PATH}/GooglePlaces.bundle",
			);
			runOnlyForDeploymentPostprocessing = 0;
			shellPath = /bin/sh;
			shellScript = "\"${SRCROOT}/Pods/Target Support Files/Pods-CarRepairFinder/Pods-CarRepairFinder-resources.sh\"\n";
			showEnvVarsInLog = 0;
		};
/* End PBXShellScriptBuildPhase section */

/* Begin PBXSourcesBuildPhase section */
		18247740204DB69A0012FE4B /* Sources */ = {
			isa = PBXSourcesBuildPhase;
			buildActionMask = 2147483647;
			files = (
				1824775A204DBB260012FE4B /* RepairShopListTableViewController.swift in Sources */,
				18247748204DB69A0012FE4B /* AppDelegate.swift in Sources */,
				1824775D204DBB650012FE4B /* RepairShopTableViewCell.swift in Sources */,
				18247768204DCF1F0012FE4B /* GetAPIData.swift in Sources */,
				1824776A204DD09D0012FE4B /* ShopsModel.swift in Sources */,
				1824776E204DF6790012FE4B /* ShopDetailViewController.swift in Sources */,
			);
			runOnlyForDeploymentPostprocessing = 0;
		};
		182477A9204F0A590012FE4B /* Sources */ = {
			isa = PBXSourcesBuildPhase;
			buildActionMask = 2147483647;
			files = (
				182477B0204F0A590012FE4B /* CarRepairFinderSlowTests.swift in Sources */,
			);
			runOnlyForDeploymentPostprocessing = 0;
		};
/* End PBXSourcesBuildPhase section */

/* Begin PBXTargetDependency section */
		182477B3204F0A590012FE4B /* PBXTargetDependency */ = {
			isa = PBXTargetDependency;
			target = 18247743204DB69A0012FE4B /* CarRepairFinder */;
			targetProxy = 182477B2204F0A590012FE4B /* PBXContainerItemProxy */;
		};
/* End PBXTargetDependency section */

/* Begin PBXVariantGroup section */
		1824774B204DB69A0012FE4B /* Main.storyboard */ = {
			isa = PBXVariantGroup;
			children = (
				1824774C204DB69A0012FE4B /* Base */,
			);
			name = Main.storyboard;
			sourceTree = "<group>";
		};
		18247750204DB69A0012FE4B /* LaunchScreen.storyboard */ = {
			isa = PBXVariantGroup;
			children = (
				18247751204DB69A0012FE4B /* Base */,
			);
			name = LaunchScreen.storyboard;
			sourceTree = "<group>";
		};
/* End PBXVariantGroup section */

/* Begin XCBuildConfiguration section */
		18247754204DB69A0012FE4B /* Debug */ = {
			isa = XCBuildConfiguration;
			buildSettings = {
				ALWAYS_SEARCH_USER_PATHS = NO;
				CLANG_ANALYZER_NONNULL = YES;
				CLANG_ANALYZER_NUMBER_OBJECT_CONVERSION = YES_AGGRESSIVE;
				CLANG_CXX_LANGUAGE_STANDARD = "gnu++14";
				CLANG_CXX_LIBRARY = "libc++";
				CLANG_ENABLE_MODULES = YES;
				CLANG_ENABLE_OBJC_ARC = YES;
				CLANG_WARN_BLOCK_CAPTURE_AUTORELEASING = YES;
				CLANG_WARN_BOOL_CONVERSION = YES;
				CLANG_WARN_COMMA = YES;
				CLANG_WARN_CONSTANT_CONVERSION = YES;
				CLANG_WARN_DIRECT_OBJC_ISA_USAGE = YES_ERROR;
				CLANG_WARN_DOCUMENTATION_COMMENTS = YES;
				CLANG_WARN_EMPTY_BODY = YES;
				CLANG_WARN_ENUM_CONVERSION = YES;
				CLANG_WARN_INFINITE_RECURSION = YES;
				CLANG_WARN_INT_CONVERSION = YES;
				CLANG_WARN_NON_LITERAL_NULL_CONVERSION = YES;
				CLANG_WARN_OBJC_LITERAL_CONVERSION = YES;
				CLANG_WARN_OBJC_ROOT_CLASS = YES_ERROR;
				CLANG_WARN_RANGE_LOOP_ANALYSIS = YES;
				CLANG_WARN_STRICT_PROTOTYPES = YES;
				CLANG_WARN_SUSPICIOUS_MOVE = YES;
				CLANG_WARN_UNGUARDED_AVAILABILITY = YES_AGGRESSIVE;
				CLANG_WARN_UNREACHABLE_CODE = YES;
				CLANG_WARN__DUPLICATE_METHOD_MATCH = YES;
				CODE_SIGN_IDENTITY = "iPhone Developer";
				COPY_PHASE_STRIP = NO;
				DEBUG_INFORMATION_FORMAT = dwarf;
				ENABLE_STRICT_OBJC_MSGSEND = YES;
				ENABLE_TESTABILITY = YES;
				GCC_C_LANGUAGE_STANDARD = gnu11;
				GCC_DYNAMIC_NO_PIC = NO;
				GCC_NO_COMMON_BLOCKS = YES;
				GCC_OPTIMIZATION_LEVEL = 0;
				GCC_PREPROCESSOR_DEFINITIONS = (
					"DEBUG=1",
					"$(inherited)",
				);
				GCC_WARN_64_TO_32_BIT_CONVERSION = YES;
				GCC_WARN_ABOUT_RETURN_TYPE = YES_ERROR;
				GCC_WARN_UNDECLARED_SELECTOR = YES;
				GCC_WARN_UNINITIALIZED_AUTOS = YES_AGGRESSIVE;
				GCC_WARN_UNUSED_FUNCTION = YES;
				GCC_WARN_UNUSED_VARIABLE = YES;
				IPHONEOS_DEPLOYMENT_TARGET = 11.2;
				MTL_ENABLE_DEBUG_INFO = YES;
				ONLY_ACTIVE_ARCH = YES;
				SDKROOT = iphoneos;
				SWIFT_ACTIVE_COMPILATION_CONDITIONS = DEBUG;
				SWIFT_OPTIMIZATION_LEVEL = "-Onone";
			};
			name = Debug;
		};
		18247755204DB69A0012FE4B /* Release */ = {
			isa = XCBuildConfiguration;
			buildSettings = {
				ALWAYS_SEARCH_USER_PATHS = NO;
				CLANG_ANALYZER_NONNULL = YES;
				CLANG_ANALYZER_NUMBER_OBJECT_CONVERSION = YES_AGGRESSIVE;
				CLANG_CXX_LANGUAGE_STANDARD = "gnu++14";
				CLANG_CXX_LIBRARY = "libc++";
				CLANG_ENABLE_MODULES = YES;
				CLANG_ENABLE_OBJC_ARC = YES;
				CLANG_WARN_BLOCK_CAPTURE_AUTORELEASING = YES;
				CLANG_WARN_BOOL_CONVERSION = YES;
				CLANG_WARN_COMMA = YES;
				CLANG_WARN_CONSTANT_CONVERSION = YES;
				CLANG_WARN_DIRECT_OBJC_ISA_USAGE = YES_ERROR;
				CLANG_WARN_DOCUMENTATION_COMMENTS = YES;
				CLANG_WARN_EMPTY_BODY = YES;
				CLANG_WARN_ENUM_CONVERSION = YES;
				CLANG_WARN_INFINITE_RECURSION = YES;
				CLANG_WARN_INT_CONVERSION = YES;
				CLANG_WARN_NON_LITERAL_NULL_CONVERSION = YES;
				CLANG_WARN_OBJC_LITERAL_CONVERSION = YES;
				CLANG_WARN_OBJC_ROOT_CLASS = YES_ERROR;
				CLANG_WARN_RANGE_LOOP_ANALYSIS = YES;
				CLANG_WARN_STRICT_PROTOTYPES = YES;
				CLANG_WARN_SUSPICIOUS_MOVE = YES;
				CLANG_WARN_UNGUARDED_AVAILABILITY = YES_AGGRESSIVE;
				CLANG_WARN_UNREACHABLE_CODE = YES;
				CLANG_WARN__DUPLICATE_METHOD_MATCH = YES;
				CODE_SIGN_IDENTITY = "iPhone Developer";
				COPY_PHASE_STRIP = NO;
				DEBUG_INFORMATION_FORMAT = "dwarf-with-dsym";
				ENABLE_NS_ASSERTIONS = NO;
				ENABLE_STRICT_OBJC_MSGSEND = YES;
				GCC_C_LANGUAGE_STANDARD = gnu11;
				GCC_NO_COMMON_BLOCKS = YES;
				GCC_WARN_64_TO_32_BIT_CONVERSION = YES;
				GCC_WARN_ABOUT_RETURN_TYPE = YES_ERROR;
				GCC_WARN_UNDECLARED_SELECTOR = YES;
				GCC_WARN_UNINITIALIZED_AUTOS = YES_AGGRESSIVE;
				GCC_WARN_UNUSED_FUNCTION = YES;
				GCC_WARN_UNUSED_VARIABLE = YES;
				IPHONEOS_DEPLOYMENT_TARGET = 11.2;
				MTL_ENABLE_DEBUG_INFO = NO;
				SDKROOT = iphoneos;
				SWIFT_OPTIMIZATION_LEVEL = "-Owholemodule";
				VALIDATE_PRODUCT = YES;
			};
			name = Release;
		};
		18247757204DB69A0012FE4B /* Debug */ = {
			isa = XCBuildConfiguration;
			baseConfigurationReference = A970B43FAE89ED0B23E5F709 /* Pods-CarRepairFinder.debug.xcconfig */;
			buildSettings = {
				ASSETCATALOG_COMPILER_APPICON_NAME = AppIcon;
				CODE_SIGN_STYLE = Automatic;
				DEVELOPMENT_TEAM = 68SY486YZ7;
				INFOPLIST_FILE = "$(SRCROOT)/CarRepairFinder/Supporting files/Info.plist";
				LD_RUNPATH_SEARCH_PATHS = "$(inherited) @executable_path/Frameworks";
				PRODUCT_BUNDLE_IDENTIFIER = lccj.CarRepairFinder;
				PRODUCT_NAME = "$(TARGET_NAME)";
				SWIFT_VERSION = 4.0;
				TARGETED_DEVICE_FAMILY = "1,2";
			};
			name = Debug;
		};
		18247758204DB69A0012FE4B /* Release */ = {
			isa = XCBuildConfiguration;
			baseConfigurationReference = 063128DA065520257E763FF1 /* Pods-CarRepairFinder.release.xcconfig */;
			buildSettings = {
				ASSETCATALOG_COMPILER_APPICON_NAME = AppIcon;
				CODE_SIGN_STYLE = Automatic;
				DEVELOPMENT_TEAM = 68SY486YZ7;
				INFOPLIST_FILE = "$(SRCROOT)/CarRepairFinder/Supporting files/Info.plist";
				LD_RUNPATH_SEARCH_PATHS = "$(inherited) @executable_path/Frameworks";
				PRODUCT_BUNDLE_IDENTIFIER = lccj.CarRepairFinder;
				PRODUCT_NAME = "$(TARGET_NAME)";
				SWIFT_VERSION = 4.0;
				TARGETED_DEVICE_FAMILY = "1,2";
			};
			name = Release;
		};
		182477B4204F0A590012FE4B /* Debug */ = {
			isa = XCBuildConfiguration;
			buildSettings = {
				BUNDLE_LOADER = "$(TEST_HOST)";
				CODE_SIGN_STYLE = Automatic;
				INFOPLIST_FILE = CarRepairFinderSlowTests/Info.plist;
				LD_RUNPATH_SEARCH_PATHS = "$(inherited) @executable_path/Frameworks @loader_path/Frameworks";
				PRODUCT_BUNDLE_IDENTIFIER = lccj.CarRepairFinderSlowTests;
				PRODUCT_NAME = "$(TARGET_NAME)";
				SWIFT_VERSION = 4.0;
				TARGETED_DEVICE_FAMILY = "1,2";
				TEST_HOST = "$(BUILT_PRODUCTS_DIR)/CarRepairFinder.app/CarRepairFinder";
			};
			name = Debug;
		};
		182477B5204F0A590012FE4B /* Release */ = {
			isa = XCBuildConfiguration;
			buildSettings = {
				BUNDLE_LOADER = "$(TEST_HOST)";
				CODE_SIGN_STYLE = Automatic;
				INFOPLIST_FILE = CarRepairFinderSlowTests/Info.plist;
				LD_RUNPATH_SEARCH_PATHS = "$(inherited) @executable_path/Frameworks @loader_path/Frameworks";
				PRODUCT_BUNDLE_IDENTIFIER = lccj.CarRepairFinderSlowTests;
				PRODUCT_NAME = "$(TARGET_NAME)";
				SWIFT_VERSION = 4.0;
				TARGETED_DEVICE_FAMILY = "1,2";
				TEST_HOST = "$(BUILT_PRODUCTS_DIR)/CarRepairFinder.app/CarRepairFinder";
			};
			name = Release;
		};
/* End XCBuildConfiguration section */

/* Begin XCConfigurationList section */
		1824773F204DB69A0012FE4B /* Build configuration list for PBXProject "CarRepairFinder" */ = {
			isa = XCConfigurationList;
			buildConfigurations = (
				18247754204DB69A0012FE4B /* Debug */,
				18247755204DB69A0012FE4B /* Release */,
			);
			defaultConfigurationIsVisible = 0;
			defaultConfigurationName = Release;
		};
		18247756204DB69A0012FE4B /* Build configuration list for PBXNativeTarget "CarRepairFinder" */ = {
			isa = XCConfigurationList;
			buildConfigurations = (
				18247757204DB69A0012FE4B /* Debug */,
				18247758204DB69A0012FE4B /* Release */,
			);
			defaultConfigurationIsVisible = 0;
			defaultConfigurationName = Release;
		};
		182477B6204F0A590012FE4B /* Build configuration list for PBXNativeTarget "CarRepairFinderSlowTests" */ = {
			isa = XCConfigurationList;
			buildConfigurations = (
				182477B4204F0A590012FE4B /* Debug */,
				182477B5204F0A590012FE4B /* Release */,
			);
			defaultConfigurationIsVisible = 0;
			defaultConfigurationName = Release;
		};
/* End XCConfigurationList section */
	};
	rootObject = 1824773C204DB69A0012FE4B /* Project object */;
}
